
Microsoft Visual Studio Solution File, Format Version 12.00
# Visual Studio 15
Project("{FAE04EC0-301F-11D3-BF4B-00C04F79EFBC}") = "Placement.InteractiveInvoice", "Placement.InteractiveInvoice\Placement.InteractiveInvoice.csproj", "{F38FE5B8-C7C8-454F-9DB6-BB3E7795EEAA}"
EndProject
Global
	GlobalSection(SolutionConfigurationPlatforms) = preSolution
		Debug|Any CPU = Debug|Any CPU
		Release|Any CPU = Release|Any CPU
	EndGlobalSection
	GlobalSection(ProjectConfigurationPlatforms) = postSolution
		{F38FE5B8-C7C8-454F-9DB6-BB3E7795EEAA}.Debug|Any CPU.ActiveCfg = Debug|Any CPU
		{F38FE5B8-C7C8-454F-9DB6-BB3E7795EEAA}.Debug|Any CPU.Build.0 = Debug|Any CPU
		{F38FE5B8-C7C8-454F-9DB6-BB3E7795EEAA}.Release|Any CPU.ActiveCfg = Release|Any CPU
		{F38FE5B8-C7C8-454F-9DB6-BB3E7795EEAA}.Release|Any CPU.Build.0 = Release|Any CPU
	EndGlobalSection
EndGlobal
